
Microsoft Visual Studio Solution File, Format Version 12.00
Project("{F2A71F9B-5D33-465A-A702-920D77279786}") = "EvansFreshRoast.Client", "src\EvansFreshRoast.Client\EvansFreshRoast.Client.fsproj", "{D1B01A64-8316-45DE-8E51-18C518FCB929}"
EndProject
Project("{F2A71F9B-5D33-465A-A702-920D77279786}") = "EvansFreshRoast.Dto", "src\EvansFreshRoast.Dto\EvansFreshRoast.Dto.fsproj", "{C970C87E-DF67-42F5-9FC0-7ABF02A52143}"
EndProject
Project("{F2A71F9B-5D33-465A-A702-920D77279786}") = "EvansFreshRoast.Domain", "src\EvansFreshRoast.Domain\EvansFreshRoast.Domain.fsproj", "{9BEF8982-5FF4-4EBA-AEDB-87AA0AD63CD1}"
EndProject
Project("{F2A71F9B-5D33-465A-A702-920D77279786}") = "EvansFreshRoast.Serialization", "src\EvansFreshRoast.Serialization\EvansFreshRoast.Serialization.fsproj", "{7470E7A1-B270-424A-9511-17B39317C7D5}"
EndProject
Global
	GlobalSection(SolutionConfigurationPlatforms) = preSolution
		Debug|Any CPU = Debug|Any CPU
		Release|Any CPU = Release|Any CPU
	EndGlobalSection
	GlobalSection(ProjectConfigurationPlatforms) = postSolution
		{D1B01A64-8316-45DE-8E51-18C518FCB929}.Debug|Any CPU.ActiveCfg = Debug|Any CPU
		{D1B01A64-8316-45DE-8E51-18C518FCB929}.Debug|Any CPU.Build.0 = Debug|Any CPU
		{D1B01A64-8316-45DE-8E51-18C518FCB929}.Release|Any CPU.ActiveCfg = Release|Any CPU
		{D1B01A64-8316-45DE-8E51-18C518FCB929}.Release|Any CPU.Build.0 = Release|Any CPU
		{C970C87E-DF67-42F5-9FC0-7ABF02A52143}.Debug|Any CPU.ActiveCfg = Debug|Any CPU
		{C970C87E-DF67-42F5-9FC0-7ABF02A52143}.Debug|Any CPU.Build.0 = Debug|Any CPU
		{C970C87E-DF67-42F5-9FC0-7ABF02A52143}.Release|Any CPU.ActiveCfg = Release|Any CPU
		{C970C87E-DF67-42F5-9FC0-7ABF02A52143}.Release|Any CPU.Build.0 = Release|Any CPU
		{9BEF8982-5FF4-4EBA-AEDB-87AA0AD63CD1}.Debug|Any CPU.ActiveCfg = Debug|Any CPU
		{9BEF8982-5FF4-4EBA-AEDB-87AA0AD63CD1}.Debug|Any CPU.Build.0 = Debug|Any CPU
		{9BEF8982-5FF4-4EBA-AEDB-87AA0AD63CD1}.Release|Any CPU.ActiveCfg = Release|Any CPU
		{9BEF8982-5FF4-4EBA-AEDB-87AA0AD63CD1}.Release|Any CPU.Build.0 = Release|Any CPU
		{7470E7A1-B270-424A-9511-17B39317C7D5}.Debug|Any CPU.ActiveCfg = Debug|Any CPU
		{7470E7A1-B270-424A-9511-17B39317C7D5}.Debug|Any CPU.Build.0 = Debug|Any CPU
		{7470E7A1-B270-424A-9511-17B39317C7D5}.Release|Any CPU.ActiveCfg = Release|Any CPU
		{7470E7A1-B270-424A-9511-17B39317C7D5}.Release|Any CPU.Build.0 = Release|Any CPU
	EndGlobalSection
EndGlobal
