
Microsoft Visual Studio Solution File, Format Version 12.00
# Visual Studio 15
VisualStudioVersion = 15.0.26124.0
MinimumVisualStudioVersion = 15.0.26124.0
Project("{2150E333-8FDC-42A3-9474-1A3956D46DE8}") = "src", "src", "{B8CB57F5-C87C-48A1-A3DC-BF5BBA95EB25}"
EndProject
Project("{2150E333-8FDC-42A3-9474-1A3956D46DE8}") = "tests", "tests", "{E6D01694-CB7C-4226-99EE-103B75B923FB}"
EndProject
Project("{F2A71F9B-5D33-465A-A702-920D77279786}") = "EvansFreshRoast", "src\EvansFreshRoast\EvansFreshRoast.fsproj", "{C56E75B2-5671-46E1-8594-6529135E7082}"
EndProject
Project("{F2A71F9B-5D33-465A-A702-920D77279786}") = "EvansFreshRoast.Tests", "tests\EvansFreshRoast.Tests\EvansFreshRoast.Tests.fsproj", "{DB284F96-3FC7-49A0-8667-18732B962F3E}"
EndProject
Project("{2150E333-8FDC-42A3-9474-1A3956D46DE8}") = "_root", "_root", "{625E3CAC-600B-450D-BF54-E3059450591A}"
	ProjectSection(SolutionItems) = preProject
		build.bat = build.bat
		build.sh = build.sh
		README.md = README.md
	EndProjectSection
EndProject
Project("{F2A71F9B-5D33-465A-A702-920D77279786}") = "EvansFreshRoast.Domain", "src\EvansFreshRoast.Domain\EvansFreshRoast.Domain.fsproj", "{48ACDFD0-5EE2-4EA6-B0FB-571B87B22AEB}"
EndProject
Project("{F2A71F9B-5D33-465A-A702-920D77279786}") = "Utils", "src\Utils\Utils.fsproj", "{54323562-0185-4173-BDC6-A587DA21F19E}"
EndProject
Project("{F2A71F9B-5D33-465A-A702-920D77279786}") = "EvansFreshRoast.Serialization", "src\EvansFreshRoast.Serialization\EvansFreshRoast.Serialization.fsproj", "{C288EBC4-1DE1-46B3-82CF-9F2BA5358588}"
EndProject
Project("{F2A71F9B-5D33-465A-A702-920D77279786}") = "EvansFreshRoast.EventStore", "src\EvansFreshRoast.EventStore\EvansFreshRoast.EventStore.fsproj", "{9F92A0F6-1CBE-483D-BBBD-4E79B39B105C}"
EndProject
Project("{F2A71F9B-5D33-465A-A702-920D77279786}") = "EvansFreshRoast.ReadModels", "src\EvansFreshRoast.ReadModels\EvansFreshRoast.ReadModels.fsproj", "{2B1BE4A4-B671-414B-8546-C7C504A85872}"
EndProject
Project("{F2A71F9B-5D33-465A-A702-920D77279786}") = "EvansFreshRoast.Framework", "src\EvansFreshRoast.Framework\EvansFreshRoast.Framework.fsproj", "{461CA2CF-7B27-4FAD-AE66-B6B2715A4ED7}"
EndProject
Global
	GlobalSection(SolutionConfigurationPlatforms) = preSolution
		Debug|Any CPU = Debug|Any CPU
		Debug|x64 = Debug|x64
		Debug|x86 = Debug|x86
		Release|Any CPU = Release|Any CPU
		Release|x64 = Release|x64
		Release|x86 = Release|x86
	EndGlobalSection
	GlobalSection(SolutionProperties) = preSolution
		HideSolutionNode = FALSE
	EndGlobalSection
	GlobalSection(NestedProjects) = preSolution
		{C56E75B2-5671-46E1-8594-6529135E7082} = {B8CB57F5-C87C-48A1-A3DC-BF5BBA95EB25}
		{DB284F96-3FC7-49A0-8667-18732B962F3E} = {E6D01694-CB7C-4226-99EE-103B75B923FB}
		{48ACDFD0-5EE2-4EA6-B0FB-571B87B22AEB} = {B8CB57F5-C87C-48A1-A3DC-BF5BBA95EB25}
		{54323562-0185-4173-BDC6-A587DA21F19E} = {B8CB57F5-C87C-48A1-A3DC-BF5BBA95EB25}
		{C288EBC4-1DE1-46B3-82CF-9F2BA5358588} = {B8CB57F5-C87C-48A1-A3DC-BF5BBA95EB25}
		{9F92A0F6-1CBE-483D-BBBD-4E79B39B105C} = {B8CB57F5-C87C-48A1-A3DC-BF5BBA95EB25}
		{2B1BE4A4-B671-414B-8546-C7C504A85872} = {B8CB57F5-C87C-48A1-A3DC-BF5BBA95EB25}
		{461CA2CF-7B27-4FAD-AE66-B6B2715A4ED7} = {B8CB57F5-C87C-48A1-A3DC-BF5BBA95EB25}
	EndGlobalSection
	GlobalSection(ProjectConfigurationPlatforms) = postSolution
		{C56E75B2-5671-46E1-8594-6529135E7082}.Debug|Any CPU.ActiveCfg = Debug|Any CPU
		{C56E75B2-5671-46E1-8594-6529135E7082}.Debug|Any CPU.Build.0 = Debug|Any CPU
		{C56E75B2-5671-46E1-8594-6529135E7082}.Debug|x64.ActiveCfg = Debug|Any CPU
		{C56E75B2-5671-46E1-8594-6529135E7082}.Debug|x64.Build.0 = Debug|Any CPU
		{C56E75B2-5671-46E1-8594-6529135E7082}.Debug|x86.ActiveCfg = Debug|Any CPU
		{C56E75B2-5671-46E1-8594-6529135E7082}.Debug|x86.Build.0 = Debug|Any CPU
		{C56E75B2-5671-46E1-8594-6529135E7082}.Release|Any CPU.ActiveCfg = Release|Any CPU
		{C56E75B2-5671-46E1-8594-6529135E7082}.Release|Any CPU.Build.0 = Release|Any CPU
		{C56E75B2-5671-46E1-8594-6529135E7082}.Release|x64.ActiveCfg = Release|Any CPU
		{C56E75B2-5671-46E1-8594-6529135E7082}.Release|x64.Build.0 = Release|Any CPU
		{C56E75B2-5671-46E1-8594-6529135E7082}.Release|x86.ActiveCfg = Release|Any CPU
		{C56E75B2-5671-46E1-8594-6529135E7082}.Release|x86.Build.0 = Release|Any CPU
		{DB284F96-3FC7-49A0-8667-18732B962F3E}.Debug|Any CPU.ActiveCfg = Debug|Any CPU
		{DB284F96-3FC7-49A0-8667-18732B962F3E}.Debug|Any CPU.Build.0 = Debug|Any CPU
		{DB284F96-3FC7-49A0-8667-18732B962F3E}.Debug|x64.ActiveCfg = Debug|Any CPU
		{DB284F96-3FC7-49A0-8667-18732B962F3E}.Debug|x64.Build.0 = Debug|Any CPU
		{DB284F96-3FC7-49A0-8667-18732B962F3E}.Debug|x86.ActiveCfg = Debug|Any CPU
		{DB284F96-3FC7-49A0-8667-18732B962F3E}.Debug|x86.Build.0 = Debug|Any CPU
		{DB284F96-3FC7-49A0-8667-18732B962F3E}.Release|Any CPU.ActiveCfg = Release|Any CPU
		{DB284F96-3FC7-49A0-8667-18732B962F3E}.Release|Any CPU.Build.0 = Release|Any CPU
		{DB284F96-3FC7-49A0-8667-18732B962F3E}.Release|x64.ActiveCfg = Release|Any CPU
		{DB284F96-3FC7-49A0-8667-18732B962F3E}.Release|x64.Build.0 = Release|Any CPU
		{DB284F96-3FC7-49A0-8667-18732B962F3E}.Release|x86.ActiveCfg = Release|Any CPU
		{DB284F96-3FC7-49A0-8667-18732B962F3E}.Release|x86.Build.0 = Release|Any CPU
		{48ACDFD0-5EE2-4EA6-B0FB-571B87B22AEB}.Debug|Any CPU.ActiveCfg = Debug|Any CPU
		{48ACDFD0-5EE2-4EA6-B0FB-571B87B22AEB}.Debug|Any CPU.Build.0 = Debug|Any CPU
		{48ACDFD0-5EE2-4EA6-B0FB-571B87B22AEB}.Debug|x64.ActiveCfg = Debug|Any CPU
		{48ACDFD0-5EE2-4EA6-B0FB-571B87B22AEB}.Debug|x64.Build.0 = Debug|Any CPU
		{48ACDFD0-5EE2-4EA6-B0FB-571B87B22AEB}.Debug|x86.ActiveCfg = Debug|Any CPU
		{48ACDFD0-5EE2-4EA6-B0FB-571B87B22AEB}.Debug|x86.Build.0 = Debug|Any CPU
		{48ACDFD0-5EE2-4EA6-B0FB-571B87B22AEB}.Release|Any CPU.ActiveCfg = Release|Any CPU
		{48ACDFD0-5EE2-4EA6-B0FB-571B87B22AEB}.Release|Any CPU.Build.0 = Release|Any CPU
		{48ACDFD0-5EE2-4EA6-B0FB-571B87B22AEB}.Release|x64.ActiveCfg = Release|Any CPU
		{48ACDFD0-5EE2-4EA6-B0FB-571B87B22AEB}.Release|x64.Build.0 = Release|Any CPU
		{48ACDFD0-5EE2-4EA6-B0FB-571B87B22AEB}.Release|x86.ActiveCfg = Release|Any CPU
		{48ACDFD0-5EE2-4EA6-B0FB-571B87B22AEB}.Release|x86.Build.0 = Release|Any CPU
		{54323562-0185-4173-BDC6-A587DA21F19E}.Debug|Any CPU.ActiveCfg = Debug|Any CPU
		{54323562-0185-4173-BDC6-A587DA21F19E}.Debug|Any CPU.Build.0 = Debug|Any CPU
		{54323562-0185-4173-BDC6-A587DA21F19E}.Debug|x64.ActiveCfg = Debug|Any CPU
		{54323562-0185-4173-BDC6-A587DA21F19E}.Debug|x64.Build.0 = Debug|Any CPU
		{54323562-0185-4173-BDC6-A587DA21F19E}.Debug|x86.ActiveCfg = Debug|Any CPU
		{54323562-0185-4173-BDC6-A587DA21F19E}.Debug|x86.Build.0 = Debug|Any CPU
		{54323562-0185-4173-BDC6-A587DA21F19E}.Release|Any CPU.ActiveCfg = Release|Any CPU
		{54323562-0185-4173-BDC6-A587DA21F19E}.Release|Any CPU.Build.0 = Release|Any CPU
		{54323562-0185-4173-BDC6-A587DA21F19E}.Release|x64.ActiveCfg = Release|Any CPU
		{54323562-0185-4173-BDC6-A587DA21F19E}.Release|x64.Build.0 = Release|Any CPU
		{54323562-0185-4173-BDC6-A587DA21F19E}.Release|x86.ActiveCfg = Release|Any CPU
		{54323562-0185-4173-BDC6-A587DA21F19E}.Release|x86.Build.0 = Release|Any CPU
		{C288EBC4-1DE1-46B3-82CF-9F2BA5358588}.Debug|Any CPU.ActiveCfg = Debug|Any CPU
		{C288EBC4-1DE1-46B3-82CF-9F2BA5358588}.Debug|Any CPU.Build.0 = Debug|Any CPU
		{C288EBC4-1DE1-46B3-82CF-9F2BA5358588}.Debug|x64.ActiveCfg = Debug|Any CPU
		{C288EBC4-1DE1-46B3-82CF-9F2BA5358588}.Debug|x64.Build.0 = Debug|Any CPU
		{C288EBC4-1DE1-46B3-82CF-9F2BA5358588}.Debug|x86.ActiveCfg = Debug|Any CPU
		{C288EBC4-1DE1-46B3-82CF-9F2BA5358588}.Debug|x86.Build.0 = Debug|Any CPU
		{C288EBC4-1DE1-46B3-82CF-9F2BA5358588}.Release|Any CPU.ActiveCfg = Release|Any CPU
		{C288EBC4-1DE1-46B3-82CF-9F2BA5358588}.Release|Any CPU.Build.0 = Release|Any CPU
		{C288EBC4-1DE1-46B3-82CF-9F2BA5358588}.Release|x64.ActiveCfg = Release|Any CPU
		{C288EBC4-1DE1-46B3-82CF-9F2BA5358588}.Release|x64.Build.0 = Release|Any CPU
		{C288EBC4-1DE1-46B3-82CF-9F2BA5358588}.Release|x86.ActiveCfg = Release|Any CPU
		{C288EBC4-1DE1-46B3-82CF-9F2BA5358588}.Release|x86.Build.0 = Release|Any CPU
		{9F92A0F6-1CBE-483D-BBBD-4E79B39B105C}.Debug|Any CPU.ActiveCfg = Debug|Any CPU
		{9F92A0F6-1CBE-483D-BBBD-4E79B39B105C}.Debug|Any CPU.Build.0 = Debug|Any CPU
		{9F92A0F6-1CBE-483D-BBBD-4E79B39B105C}.Debug|x64.ActiveCfg = Debug|Any CPU
		{9F92A0F6-1CBE-483D-BBBD-4E79B39B105C}.Debug|x64.Build.0 = Debug|Any CPU
		{9F92A0F6-1CBE-483D-BBBD-4E79B39B105C}.Debug|x86.ActiveCfg = Debug|Any CPU
		{9F92A0F6-1CBE-483D-BBBD-4E79B39B105C}.Debug|x86.Build.0 = Debug|Any CPU
		{9F92A0F6-1CBE-483D-BBBD-4E79B39B105C}.Release|Any CPU.ActiveCfg = Release|Any CPU
		{9F92A0F6-1CBE-483D-BBBD-4E79B39B105C}.Release|Any CPU.Build.0 = Release|Any CPU
		{9F92A0F6-1CBE-483D-BBBD-4E79B39B105C}.Release|x64.ActiveCfg = Release|Any CPU
		{9F92A0F6-1CBE-483D-BBBD-4E79B39B105C}.Release|x64.Build.0 = Release|Any CPU
		{9F92A0F6-1CBE-483D-BBBD-4E79B39B105C}.Release|x86.ActiveCfg = Release|Any CPU
		{9F92A0F6-1CBE-483D-BBBD-4E79B39B105C}.Release|x86.Build.0 = Release|Any CPU
		{2B1BE4A4-B671-414B-8546-C7C504A85872}.Debug|Any CPU.ActiveCfg = Debug|Any CPU
		{2B1BE4A4-B671-414B-8546-C7C504A85872}.Debug|Any CPU.Build.0 = Debug|Any CPU
		{2B1BE4A4-B671-414B-8546-C7C504A85872}.Debug|x64.ActiveCfg = Debug|Any CPU
		{2B1BE4A4-B671-414B-8546-C7C504A85872}.Debug|x64.Build.0 = Debug|Any CPU
		{2B1BE4A4-B671-414B-8546-C7C504A85872}.Debug|x86.ActiveCfg = Debug|Any CPU
		{2B1BE4A4-B671-414B-8546-C7C504A85872}.Debug|x86.Build.0 = Debug|Any CPU
		{2B1BE4A4-B671-414B-8546-C7C504A85872}.Release|Any CPU.ActiveCfg = Release|Any CPU
		{2B1BE4A4-B671-414B-8546-C7C504A85872}.Release|Any CPU.Build.0 = Release|Any CPU
		{2B1BE4A4-B671-414B-8546-C7C504A85872}.Release|x64.ActiveCfg = Release|Any CPU
		{2B1BE4A4-B671-414B-8546-C7C504A85872}.Release|x64.Build.0 = Release|Any CPU
		{2B1BE4A4-B671-414B-8546-C7C504A85872}.Release|x86.ActiveCfg = Release|Any CPU
		{2B1BE4A4-B671-414B-8546-C7C504A85872}.Release|x86.Build.0 = Release|Any CPU
		{461CA2CF-7B27-4FAD-AE66-B6B2715A4ED7}.Debug|Any CPU.ActiveCfg = Debug|Any CPU
		{461CA2CF-7B27-4FAD-AE66-B6B2715A4ED7}.Debug|Any CPU.Build.0 = Debug|Any CPU
		{461CA2CF-7B27-4FAD-AE66-B6B2715A4ED7}.Debug|x64.ActiveCfg = Debug|Any CPU
		{461CA2CF-7B27-4FAD-AE66-B6B2715A4ED7}.Debug|x64.Build.0 = Debug|Any CPU
		{461CA2CF-7B27-4FAD-AE66-B6B2715A4ED7}.Debug|x86.ActiveCfg = Debug|Any CPU
		{461CA2CF-7B27-4FAD-AE66-B6B2715A4ED7}.Debug|x86.Build.0 = Debug|Any CPU
		{461CA2CF-7B27-4FAD-AE66-B6B2715A4ED7}.Release|Any CPU.ActiveCfg = Release|Any CPU
		{461CA2CF-7B27-4FAD-AE66-B6B2715A4ED7}.Release|Any CPU.Build.0 = Release|Any CPU
		{461CA2CF-7B27-4FAD-AE66-B6B2715A4ED7}.Release|x64.ActiveCfg = Release|Any CPU
		{461CA2CF-7B27-4FAD-AE66-B6B2715A4ED7}.Release|x64.Build.0 = Release|Any CPU
		{461CA2CF-7B27-4FAD-AE66-B6B2715A4ED7}.Release|x86.ActiveCfg = Release|Any CPU
		{461CA2CF-7B27-4FAD-AE66-B6B2715A4ED7}.Release|x86.Build.0 = Release|Any CPU
	EndGlobalSection
EndGlobal
